
Microsoft Visual Studio Solution File, Format Version 12.00
# Visual Studio for Mac
Project("{FAE04EC0-301F-11D3-BF4B-00C04F79EFBC}") = "ViveFocus", "ViveFocus.csproj", "{0D8FAB19-39C4-CC91-F960-E85F89808A34}"
EndProject
Project("{FAE04EC0-301F-11D3-BF4B-00C04F79EFBC}") = "ViveFocus.Plugins", "ViveFocus.Plugins.csproj", "{9A70E78E-D25C-1AC7-6C71-A1B5D906B5FF}"
EndProject
Project("{FAE04EC0-301F-11D3-BF4B-00C04F79EFBC}") = "ViveFocus.Editor", "ViveFocus.Editor.csproj", "{D74B1604-388E-B217-152F-63FA2A61186F}"
EndProject
Global
	GlobalSection(SolutionConfigurationPlatforms) = preSolution
		Debug|Any CPU = Debug|Any CPU
		Release|Any CPU = Release|Any CPU
	EndGlobalSection
	GlobalSection(ProjectConfigurationPlatforms) = postSolution
		{0D8FAB19-39C4-CC91-F960-E85F89808A34}.Debug|Any CPU.ActiveCfg = Debug|Any CPU
		{0D8FAB19-39C4-CC91-F960-E85F89808A34}.Debug|Any CPU.Build.0 = Debug|Any CPU
		{0D8FAB19-39C4-CC91-F960-E85F89808A34}.Release|Any CPU.ActiveCfg = Release|Any CPU
		{0D8FAB19-39C4-CC91-F960-E85F89808A34}.Release|Any CPU.Build.0 = Release|Any CPU
		{9A70E78E-D25C-1AC7-6C71-A1B5D906B5FF}.Debug|Any CPU.ActiveCfg = Debug|Any CPU
		{9A70E78E-D25C-1AC7-6C71-A1B5D906B5FF}.Debug|Any CPU.Build.0 = Debug|Any CPU
		{9A70E78E-D25C-1AC7-6C71-A1B5D906B5FF}.Release|Any CPU.ActiveCfg = Release|Any CPU
		{9A70E78E-D25C-1AC7-6C71-A1B5D906B5FF}.Release|Any CPU.Build.0 = Release|Any CPU
		{D74B1604-388E-B217-152F-63FA2A61186F}.Debug|Any CPU.ActiveCfg = Debug|Any CPU
		{D74B1604-388E-B217-152F-63FA2A61186F}.Debug|Any CPU.Build.0 = Debug|Any CPU
		{D74B1604-388E-B217-152F-63FA2A61186F}.Release|Any CPU.ActiveCfg = Release|Any CPU
		{D74B1604-388E-B217-152F-63FA2A61186F}.Release|Any CPU.Build.0 = Release|Any CPU
	EndGlobalSection
	GlobalSection(SolutionProperties) = preSolution
		HideSolutionNode = FALSE
	EndGlobalSection
EndGlobal
